Microsoft Visual Studio Solution File, Format Version 12.00
# Visual Studio Version 16
VisualStudioVersion = 16.0.31005.135
MinimumVisualStudioVersion = 10.0.40219.1
Project("{9A19103F-16F7-4668-BE54-9A1E7A4F7556}") = "NvidiaMLTest", "NvidiaMLTest.csproj", "{1312148E-F832-419A-A695-DF0EEB644464}"
EndProject
Global
	GlobalSection(SolutionConfigurationPlatforms) = preSolution
		Debug|Any CPU = Debug|Any CPU
		Release|Any CPU = Release|Any CPU
	EndGlobalSection
	GlobalSection(ProjectConfigurationPlatforms) = postSolution
		{1312148E-F832-419A-A695-DF0EEB644464}.Debug|Any CPU.ActiveCfg = Debug|Any CPU
		{1312148E-F832-419A-A695-DF0EEB644464}.Debug|Any CPU.Build.0 = Debug|Any CPU
		{1312148E-F832-419A-A695-DF0EEB644464}.Release|Any CPU.ActiveCfg = Release|Any CPU
		{1312148E-F832-419A-A695-DF0EEB644464}.Release|Any CPU.Build.0 = Release|Any CPU
	EndGlobalSection
	GlobalSection(SolutionProperties) = preSolution
		HideSolutionNode = FALSE
	EndGlobalSection
	GlobalSection(ExtensibilityGlobals) = postSolution
		SolutionGuid = {26A29928-E030-4580-A125-89C0C25CB5BA}
	EndGlobalSection
EndGlobal
